hash: 58cce83ca0f538c705c94c02367def058780d35e7019e0d66d0aab8fea59a1f4
updated: 2016-04-10T16:23:38.557335195+02:00
imports:
- name: bazil.org/fuse
  version: 37bfa8be929171feec943f3496bc4befdeaf10db
  subpackages:
  - fs
- name: bitbucket.org/taruti/mimemagic
  version: e5179c80a024
- name: github.com/bkaradzic/go-lz4
  version: 74ddf82598bc4745b965729e9c6a463bedd33049
- name: github.com/boltdb/bolt
  version: 144418e1475d8bf7abbdc48583500f1a20c62ea7
- name: github.com/cathalgarvey/go-minilock
  version: c7289f1735169acd48203ed7f76ab646ac622b37
  subpackages:
  - taber
- name: github.com/chzyer/readline
  version: e3e573aa21f1b8930f1dae69c9d36631aba213c5
- name: github.com/codahale/chacha20
  version: ec07b4f69a3f70b1dd2a8ad77230deb1ba5d6953
- name: github.com/codahale/chacha20poly1305
  version: f8a5c48301822c3d7dd26d78e68ea2968db0ab20
- name: github.com/fatih/color
  version: 533cd7fd8a85905f67a1753afb4deddc85ea174f
- name: github.com/gogo/protobuf
  version: 74b6e9deaff6ba6da1389ec97351d337f0d08b06
  subpackages:
  - proto
- name: github.com/golang/protobuf
  version: dda510ac0fd43b39770f22ac6260eb91d377bce3
  subpackages:
  - proto
- name: github.com/golang/snappy
  version: 70f093abd7c11f120162d8f77684deadbe37bbf2
- name: github.com/ipfs/go-ipfs
  version: a957b4b9c191b0959fdea3a9656c7e8e82451c67
  subpackages:
  - repo/config
  - repo/fsrepo
- name: github.com/jbenet/go-multihash
  version: e8d2374934f16a971d1e94a864514a21ac74bf7f
- name: github.com/mattn/go-colorable
  version: 9cbef7c35391cca05f15f8181dc0b18bc9736dbb
- name: github.com/mattn/go-isatty
  version: 56b76bdf51f7708750eac80fa38b952bb9f32639
- name: github.com/nbutton23/zxcvbn-go
  version: 5a6c89841677f30016736861208bd4cce5b194d5
- name: github.com/nightlyone/lockfile
  version: b30dcbfa86e3a1eaa4e6622de2ce57be2c138c10
- name: github.com/olebedev/config
  version: e3edea7d68b76222b5118cc2e1cf3825e30abb80
- name: github.com/Sirupsen/logrus
  version: 4b6ea7319e214d98c938f12692336f7ca9348d6b
- name: github.com/tang0th/go-ecdh
  version: f92fb9eaa3f13e26aed86cc3f89a0fd8b99a2348
- name: github.com/tsuibin/goxmpp2
  version: b561103748af83325d318cd49aed5602ecfc9f00
  subpackages:
  - xmpp
- name: github.com/tucnak/climax
  version: 4c021a579ddac03b8a085bebcb87d66c072341ef
- name: github.com/wayn3h0/go-uuid
  version: 1622016a49b50139b1ac263e6ef2804226b3dec6
- name: golang.org/x/crypto
  version: 3fbbcd23f1cb824e69491a5930cfeff09b12f4d2
  subpackages:
  - otr
  - scrypt
  - sha3
  - curve25519
  - pbkdf2
  - poly1305
- name: golang.org/x/net
  version: e45385e9b226f570b1f086bf287b25d3d4117776
  subpackages:
  - context
- name: gopkg.in/yaml.v2
  version: a83829b6f1293c91addabc89d0571c246397bbf4
devImports: []
