hash: fc7b4cea2c6fb4368ca334786a8ea3694e30bd667289f715045eff123a8b4c2c
updated: 2016-04-14T21:21:50.819060146+02:00
imports:
- name: bazil.org/fuse
  version: db90b4ee1e5ca7900da9a000c787568f7fec490a
  subpackages:
  - fs
  - fuseutil
- name: bitbucket.org/taruti/mimemagic
  version: ""
- name: github.com/bkaradzic/go-lz4
  version: db90b4ee1e5ca7900da9a000c787568f7fec490a
- name: github.com/boltdb/bolt
  version: db90b4ee1e5ca7900da9a000c787568f7fec490a
- name: github.com/chzyer/readline
  version: db90b4ee1e5ca7900da9a000c787568f7fec490a
- name: github.com/codahale/chacha20
  version: db90b4ee1e5ca7900da9a000c787568f7fec490a
- name: github.com/codahale/chacha20poly1305
  version: db90b4ee1e5ca7900da9a000c787568f7fec490a
- name: github.com/dustin/go-humanize
  version: db90b4ee1e5ca7900da9a000c787568f7fec490a
- name: github.com/fatih/color
  version: db90b4ee1e5ca7900da9a000c787568f7fec490a
- name: github.com/gogo/protobuf
  version: db90b4ee1e5ca7900da9a000c787568f7fec490a
  subpackages:
  - proto
- name: github.com/golang/protobuf
  version: db90b4ee1e5ca7900da9a000c787568f7fec490a
  subpackages:
  - proto
- name: github.com/golang/snappy
  version: db90b4ee1e5ca7900da9a000c787568f7fec490a
- name: github.com/ipfs/go-ipfs
  version: db90b4ee1e5ca7900da9a000c787568f7fec490a
  subpackages:
  - blocks
  - blocks/key
  - core
  - core/commands
  - core/corenet
  - core/coreunix
  - repo/config
  - repo/fsrepo
  - routing/dht
  - Godeps/_workspace/src/github.com/mitchellh/go-homedir
  - thirdparty/ipfsaddr
  - Godeps/_workspace/src/github.com/ipfs/go-datastore
  - Godeps/_workspace/src/github.com/ipfs/go-datastore/flatfs
  - Godeps/_workspace/src/github.com/ipfs/go-datastore/leveldb
  - Godeps/_workspace/src/github.com/ipfs/go-datastore/measure
  - Godeps/_workspace/src/github.com/ipfs/go-datastore/syncmount
  - Godeps/_workspace/src/github.com/syndtr/goleveldb/leveldb/opt
  - repo
  - repo/common
  - repo/fsrepo/lock
  - repo/fsrepo/migrations
  - repo/fsrepo/serialize
  - thirdparty/dir
  - Godeps/_workspace/src/github.com/jbenet/go-base58
  - Godeps/_workspace/src/github.com/ipfs/go-datastore/sync
  - blocks/blockstore
  - blockservice
  - diagnostics
  - exchange
  - exchange/bitswap
  - exchange/bitswap/network
  - exchange/offline
  - exchange/reprovide
  - fuse/mount
  - merkledag
  - mfs
  - namesys
  - namesys/republisher
  - path
  - pin
  - routing
  - routing/none
  - routing/offline
  - thirdparty/loggables
  - thirdparty/math2
  - unixfs/io
  - Godeps/_workspace/src/github.com/cheggaaa/pb
  - Godeps/_workspace/src/github.com/dustin/go-humanize
  - Godeps/_workspace/src/github.com/whyrusleeping/go-sysinfo
  - commands
  - commands/files
  - core/commands/files
  - core/commands/object
  - core/commands/unixfs
  - core/corerepo
  - fuse/node
  - notifications
  - routing/kbucket
  - tar
  - thirdparty/tar
  - tour
  - unixfs
  - unixfs/archive
  - unixfs/pb
  - importer
  - importer/chunk
  - Godeps/_workspace/src/github.com/jbenet/go-context/frac
  - Godeps/_workspace/src/github.com/jbenet/go-context/io
  - routing/dht/pb
  - routing/record
  - thirdparty/peerset
  - thirdparty/todocounter
  - Godeps/_workspace/src/github.com/ipfs/go-datastore/query
  - Godeps/_workspace/src/github.com/satori/go.uuid
  - Godeps/_workspace/src/github.com/jbenet/go-os-rename
  - Godeps/_workspace/src/github.com/syndtr/goleveldb/leveldb
  - Godeps/_workspace/src/github.com/syndtr/goleveldb/leveldb/util
  - Godeps/_workspace/src/github.com/codahale/metrics
  - Godeps/_workspace/src/github.com/ipfs/go-datastore/keytransform
  - Godeps/_workspace/src/github.com/syndtr/goleveldb/leveldb/cache
  - Godeps/_workspace/src/github.com/syndtr/goleveldb/leveldb/comparer
  - Godeps/_workspace/src/github.com/syndtr/goleveldb/leveldb/filter
  - Godeps/_workspace/src/github.com/camlistore/lock
  - Godeps/_workspace/src/github.com/facebookgo/atomicfile
  - Godeps/_workspace/src/github.com/hashicorp/golang-lru
  - Godeps/_workspace/src/github.com/ipfs/go-datastore/namespace
  - diagnostics/pb
  - exchange/bitswap/decision
  - exchange/bitswap/message
  - exchange/bitswap/notifications
  - exchange/bitswap/testnet
  - exchange/bitswap/wantlist
  - flags
  - thirdparty/datastore2
  - thirdparty/delay
  - thirdparty/testutil
  - Godeps/_workspace/src/github.com/cenkalti/backoff
  - Godeps/_workspace/src/bazil.org/fuse
  - Godeps/_workspace/src/bazil.org/fuse/fs
  - merkledag/pb
  - unixfs/mod
  - Godeps/_workspace/src/github.com/bren2010/proquint
  - Godeps/_workspace/src/github.com/jbenet/go-is-domain
  - namesys/pb
  - blocks/set
  - pin/internal/pb
  - Godeps/_workspace/src/github.com/olekukonko/ts
  - merkledag/utils
  - pin/gc
  - fuse/ipns
  - fuse/readonly
  - routing/keyspace
  - unixfs/archive/tar
  - importer/balanced
  - importer/helpers
  - importer/trickle
  - Godeps/_workspace/src/github.com/whyrusleeping/chunker
  - Godeps/_workspace/src/github.com/syndtr/goleveldb/leveldb/errors
  - Godeps/_workspace/src/github.com/syndtr/goleveldb/leveldb/iterator
  - Godeps/_workspace/src/github.com/syndtr/goleveldb/leveldb/journal
  - Godeps/_workspace/src/github.com/syndtr/goleveldb/leveldb/memdb
  - Godeps/_workspace/src/github.com/syndtr/goleveldb/leveldb/storage
  - Godeps/_workspace/src/github.com/syndtr/goleveldb/leveldb/table
  - Godeps/_workspace/src/github.com/codahale/hdrhistogram
  - thirdparty/pq
  - exchange/bitswap/message/pb
  - Godeps/_workspace/src/github.com/briantigerchow/pubsub
  - routing/mock
  - Godeps/_workspace/src/bazil.org/fuse/fuseutil
  - blocks/bloom
  - Godeps/_workspace/src/github.com/syndtr/gosnappy/snappy
  - Godeps/_workspace/src/github.com/mtchavez/jenkins
  - Godeps/_workspace/src/github.com/steakknife/hamming
- name: github.com/jbenet/go-base58
  version: db90b4ee1e5ca7900da9a000c787568f7fec490a
- name: github.com/jbenet/go-multiaddr
  version: db90b4ee1e5ca7900da9a000c787568f7fec490a
- name: github.com/jbenet/go-multihash
  version: db90b4ee1e5ca7900da9a000c787568f7fec490a
- name: github.com/mattn/go-colorable
  version: 9cbef7c35391cca05f15f8181dc0b18bc9736dbb
  repo: https://github.com/mattn/go-colorable
- name: github.com/mattn/go-isatty
  version: 56b76bdf51f7708750eac80fa38b952bb9f32639
  repo: https://github.com/mattn/go-isatty
- name: github.com/nbutton23/zxcvbn-go
  version: db90b4ee1e5ca7900da9a000c787568f7fec490a
  subpackages:
  - matching
  - scoring
  - utils/math
  - adjacency
  - entropy
  - frequency
  - match
  - data
- name: github.com/nightlyone/lockfile
  version: db90b4ee1e5ca7900da9a000c787568f7fec490a
- name: github.com/olebedev/config
  version: db90b4ee1e5ca7900da9a000c787568f7fec490a
- name: github.com/Sirupsen/logrus
  version: db90b4ee1e5ca7900da9a000c787568f7fec490a
- name: github.com/spf13/afero
  version: 2f194a29d557d6d46aa202870df1e9062dbda4d4
- name: github.com/tucnak/climax
  version: db90b4ee1e5ca7900da9a000c787568f7fec490a
- name: github.com/VividCortex/godaemon
  version: db90b4ee1e5ca7900da9a000c787568f7fec490a
- name: github.com/wayn3h0/go-uuid
  version: db90b4ee1e5ca7900da9a000c787568f7fec490a
  subpackages:
  - internal/dcesecurity
  - internal/layout
  - internal/namebased
  - internal/namebased/md5
  - internal/namebased/sha1
  - internal/random
  - internal/timebased
  - internal/version
- name: golang.org/x/crypto
  version: ""
  subpackages:
  - curve25519
  - scrypt
  - sha3
  - ssh/terminal
  - poly1305
  - pbkdf2
- name: golang.org/x/net
  version: db90b4ee1e5ca7900da9a000c787568f7fec490a
  subpackages:
  - context
- name: golang.org/x/sys
  version: 324e1375807370c3934e14f3a97e7d160832f6b4
  subpackages:
  - unix
- name: golang.org/x/text
  version: db90b4ee1e5ca7900da9a000c787568f7fec490a
  subpackages:
  - unicode/norm
  - transform
- name: gopkg.in/yaml.v2
  version: db90b4ee1e5ca7900da9a000c787568f7fec490a
- name: gx/ipfs/Qma5KQppqMBmpdNeVUDuNtEkec1BRNWcS3dodUdiP9267q/gateway
  version: ""
- name: gx/ipfs/QmaaC9QMYTQHCbMq3Ebr3uMaAR2ev4AVqMmsJpgQijAZbJ/go-reuseport
  version: ""
- name: gx/ipfs/QmaaC9QMYTQHCbMq3Ebr3uMaAR2ev4AVqMmsJpgQijAZbJ/go-reuseport/poll
  version: ""
- name: gx/ipfs/Qmaau1d1WjnQdTYfRYfFVsCS97cgD8ATyrKuNoEfexL7JZ/go-text/encoding
  version: ""
- name: gx/ipfs/Qmaau1d1WjnQdTYfRYfFVsCS97cgD8ATyrKuNoEfexL7JZ/go-text/encoding/charmap
  version: ""
- name: gx/ipfs/Qmaau1d1WjnQdTYfRYfFVsCS97cgD8ATyrKuNoEfexL7JZ/go-text/encoding/internal
  version: ""
- name: gx/ipfs/Qmaau1d1WjnQdTYfRYfFVsCS97cgD8ATyrKuNoEfexL7JZ/go-text/encoding/internal/identifier
  version: ""
- name: gx/ipfs/Qmaau1d1WjnQdTYfRYfFVsCS97cgD8ATyrKuNoEfexL7JZ/go-text/encoding/japanese
  version: ""
- name: gx/ipfs/Qmaau1d1WjnQdTYfRYfFVsCS97cgD8ATyrKuNoEfexL7JZ/go-text/encoding/korean
  version: ""
- name: gx/ipfs/Qmaau1d1WjnQdTYfRYfFVsCS97cgD8ATyrKuNoEfexL7JZ/go-text/encoding/simplifiedchinese
  version: ""
- name: gx/ipfs/Qmaau1d1WjnQdTYfRYfFVsCS97cgD8ATyrKuNoEfexL7JZ/go-text/encoding/traditionalchinese
  version: ""
- name: gx/ipfs/Qmaau1d1WjnQdTYfRYfFVsCS97cgD8ATyrKuNoEfexL7JZ/go-text/encoding/unicode
  version: ""
- name: gx/ipfs/Qmaau1d1WjnQdTYfRYfFVsCS97cgD8ATyrKuNoEfexL7JZ/go-text/transform
  version: ""
- name: gx/ipfs/QmadkZhaLw1AhXKyBiPmydRuTexhj6WkiZPpo5Uks6WUVq/utp
  version: ""
- name: gx/ipfs/Qmazh5oNUVsDZTs2g59rq8aYQqwpss8tcUWQzor5sCCEuH/go-log
  version: ""
- name: gx/ipfs/QmbcS9XrwZkF1rZj8bBwwzoYhVuA2PCnPhFUL1pyWGgt2A/go-notifier
  version: ""
- name: gx/ipfs/QmccGfZs3rzku8Bv6sTPH3bMUKD1EVod8srgRjt5csdmva/go-libp2p/loggables
  version: ""
- name: gx/ipfs/QmccGfZs3rzku8Bv6sTPH3bMUKD1EVod8srgRjt5csdmva/go-libp2p/p2p/crypto
  version: ""
- name: gx/ipfs/QmccGfZs3rzku8Bv6sTPH3bMUKD1EVod8srgRjt5csdmva/go-libp2p/p2p/crypto/pb
  version: ""
- name: gx/ipfs/QmccGfZs3rzku8Bv6sTPH3bMUKD1EVod8srgRjt5csdmva/go-libp2p/p2p/crypto/secio
  version: ""
- name: gx/ipfs/QmccGfZs3rzku8Bv6sTPH3bMUKD1EVod8srgRjt5csdmva/go-libp2p/p2p/crypto/secio/pb
  version: ""
- name: gx/ipfs/QmccGfZs3rzku8Bv6sTPH3bMUKD1EVod8srgRjt5csdmva/go-libp2p/p2p/discovery
  version: ""
- name: gx/ipfs/QmccGfZs3rzku8Bv6sTPH3bMUKD1EVod8srgRjt5csdmva/go-libp2p/p2p/host
  version: ""
- name: gx/ipfs/QmccGfZs3rzku8Bv6sTPH3bMUKD1EVod8srgRjt5csdmva/go-libp2p/p2p/host/basic
  version: ""
- name: gx/ipfs/QmccGfZs3rzku8Bv6sTPH3bMUKD1EVod8srgRjt5csdmva/go-libp2p/p2p/host/routed
  version: ""
- name: gx/ipfs/QmccGfZs3rzku8Bv6sTPH3bMUKD1EVod8srgRjt5csdmva/go-libp2p/p2p/metrics
  version: ""
- name: gx/ipfs/QmccGfZs3rzku8Bv6sTPH3bMUKD1EVod8srgRjt5csdmva/go-libp2p/p2p/metrics/conn
  version: ""
- name: gx/ipfs/QmccGfZs3rzku8Bv6sTPH3bMUKD1EVod8srgRjt5csdmva/go-libp2p/p2p/metrics/stream
  version: ""
- name: gx/ipfs/QmccGfZs3rzku8Bv6sTPH3bMUKD1EVod8srgRjt5csdmva/go-libp2p/p2p/nat
  version: ""
- name: gx/ipfs/QmccGfZs3rzku8Bv6sTPH3bMUKD1EVod8srgRjt5csdmva/go-libp2p/p2p/net
  version: ""
- name: gx/ipfs/QmccGfZs3rzku8Bv6sTPH3bMUKD1EVod8srgRjt5csdmva/go-libp2p/p2p/net/conn
  version: ""
- name: gx/ipfs/QmccGfZs3rzku8Bv6sTPH3bMUKD1EVod8srgRjt5csdmva/go-libp2p/p2p/net/filter
  version: ""
- name: gx/ipfs/QmccGfZs3rzku8Bv6sTPH3bMUKD1EVod8srgRjt5csdmva/go-libp2p/p2p/net/mock
  version: ""
- name: gx/ipfs/QmccGfZs3rzku8Bv6sTPH3bMUKD1EVod8srgRjt5csdmva/go-libp2p/p2p/net/swarm
  version: ""
- name: gx/ipfs/QmccGfZs3rzku8Bv6sTPH3bMUKD1EVod8srgRjt5csdmva/go-libp2p/p2p/net/swarm/addr
  version: ""
- name: gx/ipfs/QmccGfZs3rzku8Bv6sTPH3bMUKD1EVod8srgRjt5csdmva/go-libp2p/p2p/net/transport
  version: ""
- name: gx/ipfs/QmccGfZs3rzku8Bv6sTPH3bMUKD1EVod8srgRjt5csdmva/go-libp2p/p2p/peer
  version: ""
- name: gx/ipfs/QmccGfZs3rzku8Bv6sTPH3bMUKD1EVod8srgRjt5csdmva/go-libp2p/p2p/peer/queue
  version: ""
- name: gx/ipfs/QmccGfZs3rzku8Bv6sTPH3bMUKD1EVod8srgRjt5csdmva/go-libp2p/p2p/protocol
  version: ""
- name: gx/ipfs/QmccGfZs3rzku8Bv6sTPH3bMUKD1EVod8srgRjt5csdmva/go-libp2p/p2p/protocol/identify
  version: ""
- name: gx/ipfs/QmccGfZs3rzku8Bv6sTPH3bMUKD1EVod8srgRjt5csdmva/go-libp2p/p2p/protocol/identify/pb
  version: ""
- name: gx/ipfs/QmccGfZs3rzku8Bv6sTPH3bMUKD1EVod8srgRjt5csdmva/go-libp2p/p2p/protocol/ping
  version: ""
- name: gx/ipfs/QmccGfZs3rzku8Bv6sTPH3bMUKD1EVod8srgRjt5csdmva/go-libp2p/p2p/protocol/relay
  version: ""
- name: gx/ipfs/QmccGfZs3rzku8Bv6sTPH3bMUKD1EVod8srgRjt5csdmva/go-libp2p/p2p/test/util
  version: ""
- name: gx/ipfs/QmccGfZs3rzku8Bv6sTPH3bMUKD1EVod8srgRjt5csdmva/go-libp2p/testutil
  version: ""
- name: gx/ipfs/QmcLqWSFsaQ8Ujh8Ys8i9JPHVy1CcdPoqV23M9S3ufdVbn/go-sockaddr/net
  version: ""
- name: gx/ipfs/QmcobAGsCjYt5DXoq9et9L8yR8er7o7Cu3DTvpaq12jYSz/go-multiaddr
  version: ""
- name: gx/ipfs/QmcrrEpx3VMUbrbgVroH3YiYyUS5c4YAykzyPJWKspUYLa/go-semver/semver
  version: ""
- name: gx/ipfs/Qme1boxspcQWR8FBzMxeppqug2fYgYc15diNWmqgDVnvn2/go-crypto/blowfish
  version: ""
- name: gx/ipfs/Qme1boxspcQWR8FBzMxeppqug2fYgYc15diNWmqgDVnvn2/go-crypto/sha3
  version: ""
- name: gx/ipfs/QmedFDs1WHcv3bcknfo64dw4mT1112yptW1H65Y2Wc7KTV/yamux
  version: ""
- name: gx/ipfs/QmeYJHEk8UjVVZ4XCRTZe6dFQrb8pGWD81LYCgeLp8CvMB/go-metrics
  version: ""
- name: gx/ipfs/QmNLvkCDV6ZjUJsEwGNporYBuZdhWT6q7TBVYQwwRv12HT/go-nat
  version: ""
- name: gx/ipfs/QmPC2dW6jyNzzBKYuHLBhxzfWaUSkyC9qaGMz7ciytRSFM/go.uuid
  version: ""
- name: gx/ipfs/QmPwfFAHUmvWDucLHRS9Xz2Kb1TNX2cY4LJ7pQjg9kVcae/multiaddr-filter
  version: ""
- name: gx/ipfs/QmQopLATEYMNg7dVqZRNDfeE2S1yKy8zrRh5xnYiuqeZBn/goprocess
  version: ""
- name: gx/ipfs/QmQopLATEYMNg7dVqZRNDfeE2S1yKy8zrRh5xnYiuqeZBn/goprocess/context
  version: ""
- name: gx/ipfs/QmQopLATEYMNg7dVqZRNDfeE2S1yKy8zrRh5xnYiuqeZBn/goprocess/periodic
  version: ""
- name: gx/ipfs/QmQopLATEYMNg7dVqZRNDfeE2S1yKy8zrRh5xnYiuqeZBn/goprocess/ratelimit
  version: ""
- name: gx/ipfs/QmQvJiADDe7JR4m968MwXobTCCzUqQkP87aRHe29MEBGHV/go-logging
  version: ""
- name: gx/ipfs/QmRLjY36txVm2b44k1PameqWbAX6aGZepfRMeLbbKSZHnt/goupnp
  version: ""
- name: gx/ipfs/QmRLjY36txVm2b44k1PameqWbAX6aGZepfRMeLbbKSZHnt/goupnp/dcps/internetgateway1
  version: ""
- name: gx/ipfs/QmRLjY36txVm2b44k1PameqWbAX6aGZepfRMeLbbKSZHnt/goupnp/dcps/internetgateway2
  version: ""
- name: gx/ipfs/QmRLjY36txVm2b44k1PameqWbAX6aGZepfRMeLbbKSZHnt/goupnp/httpu
  version: ""
- name: gx/ipfs/QmRLjY36txVm2b44k1PameqWbAX6aGZepfRMeLbbKSZHnt/goupnp/scpd
  version: ""
- name: gx/ipfs/QmRLjY36txVm2b44k1PameqWbAX6aGZepfRMeLbbKSZHnt/goupnp/soap
  version: ""
- name: gx/ipfs/QmRLjY36txVm2b44k1PameqWbAX6aGZepfRMeLbbKSZHnt/goupnp/ssdp
  version: ""
- name: gx/ipfs/QmRQhVisS8dmPbjBUthVkenn81pBxrx1GxE281csJhm2vL/go-msgio
  version: ""
- name: gx/ipfs/QmRQhVisS8dmPbjBUthVkenn81pBxrx1GxE281csJhm2vL/go-msgio/mpool
  version: ""
- name: gx/ipfs/QmSscYPCcE1H3UQr2tnsJ2a9dK9LsHTBGgP71VW6fz67e5/mdns
  version: ""
- name: gx/ipfs/QmT8rehPR3F6bmwL6zjUN8XpiDBFFpMP2myPdC6ApsWfJf/go-base58
  version: ""
- name: gx/ipfs/QmTHG1EgP8mR8CZYxG5Hcc6NJc7CbuSPwN1GTPcRvHmoep/missinggo
  version: ""
- name: gx/ipfs/QmUeEcYJrzAEKdQXjzTxCgNZgc9sRuwharsvzzm5Gd2oGB/go-multistream
  version: ""
- name: gx/ipfs/QmURG1yr3RXYD2YKYaA5JMzMnThiKuKtqbgrP3nQX5ZVAz/go-nat-pmp
  version: ""
- name: gx/ipfs/QmUusaX99BZoELh7dmPgirqRQ1FAmMnmnBn3oiqDFGBUSc/go-keyspace
  version: ""
- name: gx/ipfs/QmWA3LBPZiDfZUVnJV1L6yXF6n9D8Xqv44yJQeNKjXamEY/spdystream
  version: ""
- name: gx/ipfs/QmWA3LBPZiDfZUVnJV1L6yXF6n9D8Xqv44yJQeNKjXamEY/spdystream/spdy
  version: ""
- name: gx/ipfs/QmWchsfMt9Re1CQaiHqPQC1DrZ9bkpa6n229dRYkGyLXNh/dns
  version: ""
- name: gx/ipfs/QmWHgLqrghM9zw77nF6gdvT9ExQ2RB9pLxkd8sDHZf1rWb/go-temp-err-catcher
  version: ""
- name: gx/ipfs/QmWLfU4tstw2aNcTykDm44xbSTCYJ9pUJwfhQCKGwckcHx/mafmt
  version: ""
- name: gx/ipfs/QmWSJzRkCMJFHYUQZxKwPX8WA7XipaPtfiwMPARP51ymfn/go-stream-muxer
  version: ""
- name: gx/ipfs/QmWSJzRkCMJFHYUQZxKwPX8WA7XipaPtfiwMPARP51ymfn/go-stream-muxer/multiplex
  version: ""
- name: gx/ipfs/QmWSJzRkCMJFHYUQZxKwPX8WA7XipaPtfiwMPARP51ymfn/go-stream-muxer/multistream
  version: ""
- name: gx/ipfs/QmWSJzRkCMJFHYUQZxKwPX8WA7XipaPtfiwMPARP51ymfn/go-stream-muxer/spdystream
  version: ""
- name: gx/ipfs/QmWSJzRkCMJFHYUQZxKwPX8WA7XipaPtfiwMPARP51ymfn/go-stream-muxer/yamux
  version: ""
- name: gx/ipfs/QmYf7ng2hG5XBtJA3tN34DQ2GUN5HNksEw1rLDkmr6vGku/go-multihash
  version: ""
- name: gx/ipfs/QmYusttUDamn61aRyDrdwbrbiu37Mu566mj1ckkKXcvF3v/go-multiplex
  version: ""
- name: gx/ipfs/QmYVqhVfbK4BKvbW88Lhm26b3ud14sTBvcm1H7uWUx1Fkp/go-multiaddr-net
  version: ""
- name: gx/ipfs/QmYVqhVfbK4BKvbW88Lhm26b3ud14sTBvcm1H7uWUx1Fkp/go-multiaddr-net/utp
  version: ""
- name: gx/ipfs/QmZ4Qi3GaRbjcx28Sme5eMH7RQjGkt8wHxt2a65oLaeFEV/gogo-protobuf/io
  version: ""
- name: gx/ipfs/QmZ4Qi3GaRbjcx28Sme5eMH7RQjGkt8wHxt2a65oLaeFEV/gogo-protobuf/proto
  version: ""
- name: gx/ipfs/QmZK81vcgMhpb2t7GNbozk7qzt6Rj4zFqitpvsWT9mduW8/go-peerstream
  version: ""
- name: gx/ipfs/QmZMehXD2w81qeVJP6r1mmocxwsD7kqAvuzGm2QWDw1H88/go-libp2p/p2p/net
  version: ""
- name: gx/ipfs/QmZMehXD2w81qeVJP6r1mmocxwsD7kqAvuzGm2QWDw1H88/go-libp2p/p2p/peer
  version: ""
- name: gx/ipfs/QmZMehXD2w81qeVJP6r1mmocxwsD7kqAvuzGm2QWDw1H88/go-libp2p/p2p/protocol
  version: ""
- name: gx/ipfs/QmZNVWh8LLjAavuQ2JXuFmuYH3C11xo988vSgp7UQrTRj1/go-ipfs-util
  version: ""
- name: gx/ipfs/QmZy2y8t9zQH2a1b8q2ZSLKp17ATuJoCNxxyMFG5qFExpt/go-net/context
  version: ""
- name: gx/ipfs/QmZy2y8t9zQH2a1b8q2ZSLKp17ATuJoCNxxyMFG5qFExpt/go-net/html
  version: ""
- name: gx/ipfs/QmZy2y8t9zQH2a1b8q2ZSLKp17ATuJoCNxxyMFG5qFExpt/go-net/html/atom
  version: ""
- name: gx/ipfs/QmZy2y8t9zQH2a1b8q2ZSLKp17ATuJoCNxxyMFG5qFExpt/go-net/html/charset
  version: ""
- name: gx/ipfs/QmZy2y8t9zQH2a1b8q2ZSLKp17ATuJoCNxxyMFG5qFExpt/go-net/internal/iana
  version: ""
- name: gx/ipfs/QmZy2y8t9zQH2a1b8q2ZSLKp17ATuJoCNxxyMFG5qFExpt/go-net/ipv4
  version: ""
- name: gx/ipfs/QmZy2y8t9zQH2a1b8q2ZSLKp17ATuJoCNxxyMFG5qFExpt/go-net/ipv6
  version: ""
devImports: []
