hash: 54a9f225dde0313908a024d14e30bee5b1b825a42a97dae6a693b4038bef0e01
updated: 2015-12-26T15:39:47.648301717+01:00
imports:
- name: ../xmpp
  version: ""
- name: bazil.org/fuse
  version: e4fcc9a2c7567d1c42861deebeb483315d222262
  subpackages:
  - fs
- name: bitbucket.org/ww/goautoneg
  version: 75cd24fc2f2c
- name: code.google.com/p/go-uuid
  version: 35bc42037350
  subpackages:
  - /uuid
- name: code.google.com/p/go.crypto
  version: 69e2a90ed92d
- name: collectd.org
  version: 9fc824c70f713ea0f058a07b49a4c563ef2a3b98
  repo: https://collectd.org
- name: github.com/alecthomas/kingpin
  version: aedd5430ecd39ba1396fee0c00308b494c552b1e
- name: github.com/alecthomas/template
  version: b867cc6ab45cece8143cfcc6fc9c77cf3f2c23c0
- name: github.com/alecthomas/units
  version: 6b4e7dc5e3143b85ea77909c72caf89416fc2915
- name: github.com/anacrolix/envpprof
  version: 27041c5a2f396c55f0ae730be4266f1a163e46e3
  repo: https://github.com/anacrolix/envpprof
- name: github.com/anacrolix/jitter
  version: 2ea5c18645100745b24e9f5cfc9b3f6f7eac51ef
- name: github.com/anacrolix/missinggo
  version: 4e1ca5963308863b56c31863f60c394a7365ec29
- name: github.com/anacrolix/utp
  version: 0bb24de92c268452fb9106ca4fb9302442ca0dee
- name: github.com/araddon/gou
  version: 0c2ab7394d785afff14c983fedce4be70ccc431f
  repo: https://github.com/araddon/gou
- name: github.com/armon/go-metrics
  version: 06b60999766278efd6d2b5d8418a58c3d5b99e87
  repo: https://github.com/armon/go-metrics
- name: github.com/beorn7/perks
  version: b965b613227fddccbfffe13eae360ed3fa822f8d
  subpackages:
  - quantile
- name: github.com/bitly/go-simplejson
  version: aabad6e819789e569bd6aabf444c935aa9ba1e44
  repo: https://github.com/bitly/go-simplejson
- name: github.com/bmizerany/pat
  version: b8a35001b773c267eb260a691f4e5499a3531600
  repo: https://github.com/bmizerany/pat
- name: github.com/boltdb/bolt
  version: 827f56dfb2091be2edb284ffb6113c198f27b033
- name: github.com/bradfitz/iter
  version: 454541ec3da2a73fc34fd049b19ee5777bf19345
- name: github.com/bren2010/proquint
  version: 5958552242606512f714d2e93513b380f43f9991
- name: github.com/briantigerchow/pubsub
  version: 39ce5f556423a4c7223b370fa17a3bbd75b2d197
- name: github.com/BurntSushi/toml
  version: 056c9bc7be7190eaa7715723883caffa5f8fa3e4
  repo: https://github.com/BurntSushi/toml
- name: github.com/camlistore/lock
  version: ae27720f340952636b826119b58130b9c1a847a0
- name: github.com/cathalgarvey/base58
  version: 5e83fd6f66e365827c0ecda064cd809a83939130
- name: github.com/cathalgarvey/go-minilock
  version: 2d98587907300d8eda9f7a38ae6d0680fd4d0333
  subpackages:
  - taber
- name: github.com/cenkalti/backoff
  version: 9831e1e25c874e0a0601b6dc43641071414eec7a
- name: github.com/cheggaaa/pb
  version: d7729fd7ec1372c15b83db39834bf842bf2d69fb
- name: github.com/chzyer/readline
  version: 94a70819f40e8ea2c1bda8ff92717bf26fc4c119
- name: github.com/codahale/blake2
  version: 3fa823583afba430e8fc7cdbcc670dbf90bfacc4
- name: github.com/codahale/chacha20
  version: ec07b4f69a3f70b1dd2a8ad77230deb1ba5d6953
- name: github.com/codahale/chacha20poly1305
  version: f8a5c48301822c3d7dd26d78e68ea2968db0ab20
- name: github.com/codahale/hdrhistogram
  version: 5fd85ec0b4e2dd5d4158d257d943f2e586d86b62
- name: github.com/codahale/metrics
  version: 7c37910bc765e705301b159683480bdd44555c91
- name: github.com/codegangsta/inject
  version: 33e0aa1cb7c019ccc3fbe049a8262a6403d30504
- name: github.com/codegangsta/negroni
  version: c7477ad8e330bef55bf1ebe300cf8aa67c492d1b
  repo: https://github.com/codegangsta/negroni
- name: github.com/coreos/go-semver
  version: 568e959cd89871e61434c1143528d9162da89ef2
  subpackages:
  - semver
- name: github.com/crowdmob/goamz
  version: 82345796204222aa56be89cf930c316b1297f906
  subpackages:
  - aws
  - s3
- name: github.com/cryptix/mdns
  version: 04ff72a32679d57d009c0ac0fc5c4cda10350bad
- name: github.com/cznic/b
  version: 01b13d79526a9ce9aa2c6e11d6bd4540205e4c03
  repo: https://github.com/cznic/b
- name: github.com/DataDog/datadog-go
  version: b050cd8f4d7c394545fd7d966c8e2909ce89d552
  repo: https://github.com/DataDog/datadog-go
- name: github.com/dchest/blake2s
  version: bddf4a4036dcf791d45e4402684a8382adcc8f78
- name: github.com/dgryski/go-bits
  version: 86c69b3c986f9d40065df5bd8f765796549eef2e
  repo: https://github.com/dgryski/go-bits
- name: github.com/dgryski/go-bitstream
  version: 27cd5973303fde7d914860be1ea4b927a6be0c92
  repo: https://github.com/dgryski/go-bitstream
- name: github.com/docker/spdystream
  version: b2c3287865f3ad6aa22821ddb7b4692b896ac207
- name: github.com/dustin/go-humanize
  version: 00897f070f09f194c26d65afae734ba4c32404e8
- name: github.com/dustin/randbo
  version: 7f1b564ca7242d22bcc6e2128beb90d9fa38b9f0
- name: github.com/facebookgo/atomicfile
  version: 6f117f2e7f224fb03eb5e5fba370eade6e2b90c8
- name: github.com/fd/go-nat
  version: 50e7633d5f27d81490026a13e5b92d2e42d8c6bb
- name: github.com/feyeleanor/raw
  version: 724aedf6e1a5d8971aafec384b6bde3d5608fba4
  repo: https://github.com/feyeleanor/raw
- name: github.com/feyeleanor/sets
  version: 6c54cb57ea406ff6354256a4847e37298194478f
  repo: https://github.com/feyeleanor/sets
- name: github.com/feyeleanor/slices
  version: bb44bb2e4817fe71ba7082d351fd582e7d40e3ea
  repo: https://github.com/feyeleanor/slices
- name: github.com/fzzy/radix
  version: 27a863cdffdb0998d13e1e11992b18489aeeaa25
  subpackages:
  - redis
- name: github.com/glycerine/rbuf
  version: cc7a248274083ac0089c1d5474f6a864a013ce01
- name: github.com/go-martini/martini
  version: 15a47622d6a9b3e6a1eaca2681e4850f612471ea
  repo: https://github.com/go-martini/martini
- name: github.com/go-ole/go-ole
  version: 4246eab2a27c71c143f965432ace52990308d362
- name: github.com/gogo/protobuf
  version: 0ac967c269268f1af7d9bcc7927ccc9a589b2b36
  subpackages:
  - /proto
- name: github.com/goji/param
  version: da86c81e3e3c23b1948bc7a003d381250a032aa7
  repo: https://github.com/goji/param
- name: github.com/golang/protobuf
  version: aece6fb931241ad332956db4f62798dfbea944b3
  subpackages:
  - /proto
- name: github.com/golang/snappy
  version: 723cc1e459b8eea2dea4583200fd60757d40097a
- name: github.com/gorilla/websocket
  version: 3986be78bf859e01f01af631ad76da5b269d270c
  repo: https://github.com/gorilla/websocket
- name: github.com/hashicorp/go-msgpack
  version: fa3f63826f7c23912c15263591e65d54d080b458
  repo: https://github.com/hashicorp/go-msgpack
- name: github.com/hashicorp/golang-lru
  version: 253b2dc1ca8bae42c3b5b6e53dd2eab1a7551116
- name: github.com/hashicorp/raft
  version: d136cd15dfb7876fd7c89cad1995bc4f19ceb294
  repo: https://github.com/hashicorp/raft
- name: github.com/hashicorp/raft-boltdb
  version: d1e82c1ec3f15ee991f7cc7ffd5b67ff6f5bbaee
  repo: https://github.com/hashicorp/raft-boltdb
- name: github.com/hashicorp/yamux
  version: 9feabe6854fadca1abec9cd3bd2a613fe9a34000
- name: github.com/howeyc/gopass
  version: ae71a9cc54fddb61d946abe9191d05a24ac0e21b
- name: github.com/huin/goupnp
  version: 223008361153d7d434c1f0ac990cd3fcae6931f5
- name: github.com/inconshreveable/go-update
  version: 68f5725818189545231c1fd8694793d45f2fc529
- name: github.com/inconshreveable/muxado
  version: f693c7e88ba316d1a0ae3e205e22a01aa3ec2848
- name: github.com/influxdb/influxdb
  version: cbbb01ce8e7ce70b8432b91e4bf32b6e0f6df883
  repo: https://github.com/influxdb/influxdb
- name: github.com/influxdb/usage-client
  version: 475977e68d79883d9c8d67131c84e4241523f452
  repo: https://github.com/influxdb/usage-client
- name: github.com/ipfs/go-ipfs
  version: e007d1ec73550a83b8d8241624debe70b45e6926
  subpackages:
  - /repo/config
  - repo/fsrepo
- name: github.com/ipfs/go-log
  version: ee5cb9834b33bcf29689183e0323e328c8b8de29
- name: github.com/jackpal/go-nat-pmp
  version: a45aa3d54aef73b504e15eb71bea0e5565b5e6e1
- name: github.com/jbenet/go-base58
  version: 6237cf65f3a6f7111cd8a42be3590df99a66bc7d
- name: github.com/jbenet/go-context
  version: d14ea06fba99483203c19d92cfcd13ebe73135f4
  subpackages:
  - frac
  - io
- name: github.com/jbenet/go-datastore
  version: c835c30f206c1e97172e428f052e225adab9abde
- name: github.com/jbenet/go-detect-race
  version: 3463798d9574bd0b7eca275dccc530804ff5216f
- name: github.com/jbenet/go-fuse-version
  version: b733dfc0597e1f6780510ee7afad8b6e3c7af3eb
- name: github.com/jbenet/go-is-domain
  version: 93b717f2ae17838a265e30277275ee99ee7198d6
- name: github.com/jbenet/go-msgio
  version: 9399b44f6bf265b30bedaf2af8c0604bbc8d5275
- name: github.com/jbenet/go-multiaddr
  version: c13f11bbfe6439771f4df7bfb330f686826144e8
- name: github.com/jbenet/go-multiaddr-net
  version: 4a8bd8f8baf45afcf2bb385bbc17e5208d5d4c71
- name: github.com/jbenet/go-multihash
  version: e8d2374934f16a971d1e94a864514a21ac74bf7f
- name: github.com/jbenet/go-net-resolve-addr
  version: 689a613d9d5d5f6f62a500c7b5d02531efa3f20c
  repo: https://github.com/jbenet/go-net-resolve-addr
- name: github.com/jbenet/go-os-rename
  version: 3ac97f61ef67a6b87b95c1282f6c317ed0e693c2
- name: github.com/jbenet/go-peerstream
  version: f3ab20739a88aa79306dc039c1b5a39e7afa45d6
- name: github.com/jbenet/go-random
  version: cd535bd25356746b9b1e824871dda7da932460e2
- name: github.com/jbenet/go-random-files
  version: 737479700b40b4b50e914e963ce8d9d44603e3c8
- name: github.com/jbenet/go-reuseport
  version: 48959f1fad204b6cf2c0e8d086ef69f03f2de961
- name: github.com/jbenet/go-sockaddr
  version: da304f94eea1af8ba8d1faf184623e1f9d9777dc
  subpackages:
  - net
- name: github.com/jbenet/go-stream-muxer
  version: 4a97500beeb081571128d41d539787e137f18404
- name: github.com/jbenet/go-temp-err-catcher
  version: aac704a3f4f27190b4ccc05f303a4931fd1241ff
- name: github.com/jbenet/goprocess
  version: 64a8220330a485070813201cc05b0c6777f6a516
- name: github.com/justinas/alice
  version: 82db91fe6d1db4c070fed544cb5d0b5cc08fe276
  repo: https://github.com/justinas/alice
- name: github.com/jwilder/encoding
  version: 07d88d4f35eec497617bee0c7bfe651a796dae13
  repo: https://github.com/jwilder/encoding
- name: github.com/kardianos/osext
  version: 8fef92e41e22a70e700a96b29f066cda30ea24ef
- name: github.com/kimor79/gollectd
  version: 61d0deeb4ffcc167b2a1baa8efd72365692811bc
  repo: https://github.com/kimor79/gollectd
- name: github.com/kr/binarydist
  version: 9955b0ab8708602d411341e55fffd7e0700f86bd
- name: github.com/martini-contrib/render
  version: ec18f8345a1181146728238980606fb1d6f40e8c
  repo: https://github.com/martini-contrib/render
- name: github.com/mattbaird/elastigo
  version: 041b88c1fcf6489a5721ede24378ce1253b9159d
  subpackages:
  - api
  - core
- name: github.com/matttproud/golang_protobuf_extensions
  version: fc2b8d3a73c4867e51861bbdd5ae3c1f0869dd6a
  subpackages:
  - pbutil
- name: github.com/miekg/dns
  version: 82ffc45b1f84ff71bd1cebed8b210118ce3d181e
- name: github.com/mitchellh/go-homedir
  version: 1f6da4a72e57d4e7edd4a7295a585e0a3999a2d4
- name: github.com/mtchavez/jenkins
  version: 5a816af6ef21ef401bff5e4b7dd255d63400f497
- name: github.com/nbutton23/zxcvbn-go
  version: d490adbfd16a8f3be969c0305f0e4517b933e944
- name: github.com/nightlyone/lockfile
  version: 22754258d2b05a18f75f228588041de6fe9fdcc8
- name: github.com/olebedev/config
  version: ed583f7fafbccbd73013b0379ab29943ab0da34b
- name: github.com/olekukonko/ts
  version: ecf753e7c962639ab5a1fb46f7da627d4c0a04b8
- name: github.com/onsi/ginkgo
  version: e43390e35a4a88f3f95d5ddf9055efb7a1170469
  repo: https://github.com/onsi/ginkgo
- name: github.com/onsi/gomega
  version: 0fe204460da2c8fa1babcaac196e694de8f1aaa1
  repo: https://github.com/onsi/gomega
- name: github.com/oxtoacart/bpool
  version: 4e1c5567d7c2dd59fa4c7c83d34c2f3528b025d6
  repo: https://github.com/oxtoacart/bpool
- name: github.com/paulbellamy/ratecounter
  version: 5a11f585a31379765c190c033b6ad39956584447
  repo: https://github.com/paulbellamy/ratecounter
- name: github.com/peterh/liner
  version: 3f1c20449d1836aa4cbe38731b96f95cdf89634d
  repo: https://github.com/peterh/liner
- name: github.com/prometheus/client_golang
  version: 00e4c4629626a912cb8b44f8839a058768fc9c3f
  subpackages:
  - model
  - prometheus
  - text
- name: github.com/prometheus/client_model
  version: fa8ad6fec33561be4280a8f0514318c79d7f6cb6
  subpackages:
  - go
- name: github.com/prometheus/procfs
  version: c91d8eefde16bd047416409eb56353ea84a186e4
- name: github.com/rakyll/statik
  version: 274df120e9065bdd08eb1120e0375e3dc1ae8465
  repo: https://github.com/rakyll/statik
- name: github.com/rcrowley/go-metrics
  version: 7839c01b09d2b1d7068034e5fe6e423f6ac5be22
  repo: https://github.com/rcrowley/go-metrics
- name: github.com/rs/cors
  version: 5e4ce6bc0ecd3472f6f943666d84876691be2ced
- name: github.com/satori/go.uuid
  version: 7c7f2020c4c9491594b85767967f4619c2fa75f9
- name: github.com/shirou/gopsutil
  version: 6a274c3628382ab316340478300f5282b89f7778
  subpackages:
  - common
  - disk
  - mem
- name: github.com/Sirupsen/logrus
  version: 418b41d23a1bf978c06faea5313ba194650ac088
- name: github.com/StackExchange/wmi
  version: ""
- name: github.com/stathat/go
  version: 01d012b9ee2ecc107cb28b6dd32d9019ed5c1d77
  repo: https://github.com/stathat/go
- name: github.com/steakknife/hamming
  version: 8bad99011016569c05320e51be39c648679c5b73
- name: github.com/syndtr/goleveldb
  version: 4875955338b0a434238a31165cb87255ab6e9e4a
  subpackages:
  - leveldb
- name: github.com/syndtr/gosnappy
  version: 156a073208e131d7d2e212cb749feae7c339e846
  subpackages:
  - snappy
- name: github.com/tang0th/go-ecdh
  version: f92fb9eaa3f13e26aed86cc3f89a0fd8b99a2348
- name: github.com/texttheater/golang-levenshtein
  version: dfd657628c58d3eeaa26391097853b2473c8b94e
  subpackages:
  - levenshtein
- name: github.com/tsuibin/goxmpp2
  version: b561103748af83325d318cd49aed5602ecfc9f00
  subpackages:
  - /xmpp
- name: github.com/tucnak/climax
  version: 478b42504b6386822801b43c6ca48b8097933c32
- name: github.com/tv42/base58
  version: b6649477bfe6276322b4eeaae8f5e947b49cec92
- name: github.com/VividCortex/godaemon
  version: 3d9f6e0b234fe7d17448b345b2e14ac05814a758
- name: github.com/whyrusleeping/chunker
  version: 537e901819164627ca4bb5ce4e3faa8ce7956564
- name: github.com/whyrusleeping/go-logging
  version: 128b9855511a4ea3ccbcf712695baf2bab72e134
- name: github.com/whyrusleeping/go-metrics
  version: 1cd8009604ec2238b5a71305a0ecd974066e0e16
- name: github.com/whyrusleeping/go-multiplex
  version: 474b9aebeb391746f304ddf7c764a5da12319857
- name: github.com/whyrusleeping/go-multistream
  version: 08e8f9c9f5665ed0c63ffde4fa5ef1d5fb3d516d
- name: github.com/whyrusleeping/multiaddr-filter
  version: 9e26222151125ecd3fc1fd190179b6bdd55f5608
- name: github.com/zenazn/goji
  version: bf843a174a08e846246b8945f8a9a853d84a256a
  repo: https://github.com/zenazn/goji
- name: golang.org/x/crypto
  version: c84e1f8e3a7e322d497cd16c0e8a13c7e127baf3
  subpackages:
  - /otr
  - scrypt
- name: golang.org/x/net
  version: ff8eb9a34a5cbb9941ffc6f84a19a8014c2646ad
  subpackages:
  - /context
- name: golang.org/x/sys
  version: 833a04a10549a95dc34458c195cbad61bbb6cb4d
  repo: https://golang.org/x/sys
- name: golang.org/x/text
  version: cf4986612c83df6c55578ba198316d1684a9a287
- name: gopkg.in/airbrake/gobrake.v2
  version: c9d51adc624b5cc4c1bf8de730a09af4878ffe2d
- name: gopkg.in/alecthomas/kingpin.v2
  version: 8852570bd3865e9c4d4cb7cf5001c4295b07cad5
  repo: https://gopkg.in/alecthomas/kingpin.v2
- name: gopkg.in/check.v1
  version: 91ae5f88a67b14891cfd43895b01164f6c120420
  repo: https://gopkg.in/check.v1
- name: gopkg.in/fatih/pool.v2
  version: cba550ebf9bce999a02e963296d4bc7a486cb715
  repo: https://gopkg.in/fatih/pool.v2
- name: gopkg.in/fsnotify.v1
  version: 96c060f6a6b7e0d6f75fddd10efeaca3e5d1bcb0
- name: gopkg.in/gemnasium/logrus-airbrake-hook.v2
  version: 31e6fd4bd5a98d8ee7673d24bc54ec73c31810dd
- name: gopkg.in/yaml.v2
  version: f7716cbe52baa25d2e9b0d0da546fcf909fc16b4
- name: launchpad.net/gocheck
  version: ""
devImports: []
